Microsoft Visual Studio Solution File, Format Version 12.00
# Visual Studio Version 17
VisualStudioVersion = 17.5.2.0
MinimumVisualStudioVersion = 10.0.40219.1
Project("{FAE04EC0-301F-11D3-BF4B-00C04F79EFBC}") = "AP-03", "AP-03.csproj", "{737468CF-7CE6-01C7-D466-C3BC646DE904}"
EndProject
Global
	GlobalSection(SolutionConfigurationPlatforms) = preSolution
		Debug|Any CPU = Debug|Any CPU
		Release|Any CPU = Release|Any CPU
	EndGlobalSection
	GlobalSection(ProjectConfigurationPlatforms) = postSolution
		{737468CF-7CE6-01C7-D466-C3BC646DE904}.Debug|Any CPU.ActiveCfg = Debug|Any CPU
		{737468CF-7CE6-01C7-D466-C3BC646DE904}.Debug|Any CPU.Build.0 = Debug|Any CPU
		{737468CF-7CE6-01C7-D466-C3BC646DE904}.Release|Any CPU.ActiveCfg = Release|Any CPU
		{737468CF-7CE6-01C7-D466-C3BC646DE904}.Release|Any CPU.Build.0 = Release|Any CPU
	EndGlobalSection
	GlobalSection(SolutionProperties) = preSolution
		HideSolutionNode = FALSE
	EndGlobalSection
	GlobalSection(ExtensibilityGlobals) = postSolution
		SolutionGuid = {1484B214-A874-40D5-9F25-07B87F6B987D}
	EndGlobalSection
EndGlobal
