Microsoft Visual Studio Solution File, Format Version 12.00
# Visual Studio Version 17
VisualStudioVersion = 17.5.2.0
MinimumVisualStudioVersion = 10.0.40219.1
Project("{FAE04EC0-301F-11D3-BF4B-00C04F79EFBC}") = "ProjetoCursoOnline", "ProjetoCursoOnline.csproj", "{524A5186-295E-C8A7-2163-E43CF9ACCE94}"
EndProject
Global
	GlobalSection(SolutionConfigurationPlatforms) = preSolution
		Debug|Any CPU = Debug|Any CPU
		Release|Any CPU = Release|Any CPU
	EndGlobalSection
	GlobalSection(ProjectConfigurationPlatforms) = postSolution
		{524A5186-295E-C8A7-2163-E43CF9ACCE94}.Debug|Any CPU.ActiveCfg = Debug|Any CPU
		{524A5186-295E-C8A7-2163-E43CF9ACCE94}.Debug|Any CPU.Build.0 = Debug|Any CPU
		{524A5186-295E-C8A7-2163-E43CF9ACCE94}.Release|Any CPU.ActiveCfg = Release|Any CPU
		{524A5186-295E-C8A7-2163-E43CF9ACCE94}.Release|Any CPU.Build.0 = Release|Any CPU
	EndGlobalSection
	GlobalSection(SolutionProperties) = preSolution
		HideSolutionNode = FALSE
	EndGlobalSection
	GlobalSection(ExtensibilityGlobals) = postSolution
		SolutionGuid = {73C22D40-E0F5-4E18-8A76-7151DF871470}
	EndGlobalSection
EndGlobal
