Microsoft Visual Studio Solution File, Format Version 12.00
# Visual Studio Version 17
VisualStudioVersion = 17.5.2.0
MinimumVisualStudioVersion = 10.0.40219.1
Project("{FAE04EC0-301F-11D3-BF4B-00C04F79EFBC}") = "ProjetoRestaurante", "ProjetoRestaurante.csproj", "{02192C7D-D18E-863D-AE29-2D1237EB065B}"
EndProject
Global
	GlobalSection(SolutionConfigurationPlatforms) = preSolution
		Debug|Any CPU = Debug|Any CPU
		Release|Any CPU = Release|Any CPU
	EndGlobalSection
	GlobalSection(ProjectConfigurationPlatforms) = postSolution
		{02192C7D-D18E-863D-AE29-2D1237EB065B}.Debug|Any CPU.ActiveCfg = Debug|Any CPU
		{02192C7D-D18E-863D-AE29-2D1237EB065B}.Debug|Any CPU.Build.0 = Debug|Any CPU
		{02192C7D-D18E-863D-AE29-2D1237EB065B}.Release|Any CPU.ActiveCfg = Release|Any CPU
		{02192C7D-D18E-863D-AE29-2D1237EB065B}.Release|Any CPU.Build.0 = Release|Any CPU
	EndGlobalSection
	GlobalSection(SolutionProperties) = preSolution
		HideSolutionNode = FALSE
	EndGlobalSection
	GlobalSection(ExtensibilityGlobals) = postSolution
		SolutionGuid = {DFC2170C-B021-4050-B544-B4C9F64C05B5}
	EndGlobalSection
EndGlobal
