Microsoft Visual Studio Solution File, Format Version 12.00
# Visual Studio Version 17
VisualStudioVersion = 17.5.2.0
MinimumVisualStudioVersion = 10.0.40219.1
Project("{FAE04EC0-301F-11D3-BF4B-00C04F79EFBC}") = "ProjetoPaciente", "ProjetoPaciente.csproj", "{6D99FCDA-0271-D91B-4FF9-DB7E48D06473}"
EndProject
Global
	GlobalSection(SolutionConfigurationPlatforms) = preSolution
		Debug|Any CPU = Debug|Any CPU
		Release|Any CPU = Release|Any CPU
	EndGlobalSection
	GlobalSection(ProjectConfigurationPlatforms) = postSolution
		{6D99FCDA-0271-D91B-4FF9-DB7E48D06473}.Debug|Any CPU.ActiveCfg = Debug|Any CPU
		{6D99FCDA-0271-D91B-4FF9-DB7E48D06473}.Debug|Any CPU.Build.0 = Debug|Any CPU
		{6D99FCDA-0271-D91B-4FF9-DB7E48D06473}.Release|Any CPU.ActiveCfg = Release|Any CPU
		{6D99FCDA-0271-D91B-4FF9-DB7E48D06473}.Release|Any CPU.Build.0 = Release|Any CPU
	EndGlobalSection
	GlobalSection(SolutionProperties) = preSolution
		HideSolutionNode = FALSE
	EndGlobalSection
	GlobalSection(ExtensibilityGlobals) = postSolution
		SolutionGuid = {D15A6D12-25BA-407E-9662-F46B928E6AFB}
	EndGlobalSection
EndGlobal
